github.com/premnalla/go_test/pkg/openapi v0.0.0-20260421141606-aacc41fd9875 h1:LxmP9P4nlQgYiF7v8WYIqT37j4JGC9szdBXGEkVFEKk=
github.com/premnalla/go_test/pkg/openapi v0.0.0-20260421141606-aacc41fd9875/go.mod h1:H3/SWQVn0yjn29Wx0Po505lEOh0ydGGWucySmaWySfc=
github.com/premnalla/go_test/pkg/openapi v0.0.0-20260421165408-444fcd024887 h1:oiwycQsLnFgxqX0z2m6VfmXrLmF5xlXBAFlcgmOGUcY=
github.com/premnalla/go_test/pkg/openapi v0.0.0-20260421165408-444fcd024887/go.mod h1:H3/SWQVn0yjn29Wx0Po505lEOh0ydGGWucySmaWySfc=
